<?xml version="1.0" encoding="utf-8"?>
<Project ToolsVersion="4.0" xmlns="http://schemas.microsoft.com/developer/msbuild/2003">
  <ItemGroup>
    <Filter Include="Debug">
      <UniqueIdentifier>{0C95060D-78A9-2EBE-412B-D21DADFE2AEF}</UniqueIdentifier>
    </Filter>
    <Filter Include="Events">
      <UniqueIdentifier>{3A8963B1-262B-8E87-0FE6-A1DBFB2615D8}</UniqueIdentifier>
    </Filter>
    <Filter Include="Files">
      <UniqueIdentifier>{18202D0D-8434-55BE-4DB6-F81DB98951EF}</UniqueIdentifier>
    </Filter>
    <Filter Include="Objects">
      <UniqueIdentifier>{CF2649B1-3B06-C84C-441E-5323B07C2EAE}</UniqueIdentifier>
    </Filter>
    <Filter Include="Resources">
      <UniqueIdentifier>{000BCD17-6C75-818E-B5B3-3234215D5FE3}</UniqueIdentifier>
    </Filter>
  </ItemGroup>
  <ItemGroup>
    <ClInclude Include="Debug\DebugUIManager.h">
      <Filter>Debug</Filter>
    </ClInclude>
    <ClInclude Include="Debug\DebugWidget.h">
      <Filter>Debug</Filter>
    </ClInclude>
    <ClInclude Include="Debug\DebugWindow.h">
      <Filter>Debug</Filter>
    </ClInclude>
    <ClInclude Include="Engine.h" />
    <ClInclude Include="Events\Events.h">
      <Filter>Events</Filter>
    </ClInclude>
    <ClInclude Include="Events\SDLEventManager.h">
      <Filter>Events</Filter>
    </ClInclude>
    <ClInclude Include="Files\FileManager.h">
      <Filter>Files</Filter>
    </ClInclude>
    <ClInclude Include="Objects\Object.h">
      <Filter>Objects</Filter>
    </ClInclude>
    <ClInclude Include="Objects\ObjectManager.h">
      <Filter>Objects</Filter>
    </ClInclude>
    <ClInclude Include="Resources\JsonFile.h">
      <Filter>Resources</Filter>
    </ClInclude>
  </ItemGroup>
  <ItemGroup>
    <ClCompile Include="Debug\DebugUIManager.cpp">
      <Filter>Debug</Filter>
    </ClCompile>
    <ClCompile Include="Debug\DebugWidget.cpp">
      <Filter>Debug</Filter>
    </ClCompile>
    <ClCompile Include="Engine.cpp" />
    <ClCompile Include="Events\SDLEventManager.cpp">
      <Filter>Events</Filter>
    </ClCompile>
    <ClCompile Include="Files\FileManager.cpp">
      <Filter>Files</Filter>
    </ClCompile>
    <ClCompile Include="Objects\Object.cpp">
      <Filter>Objects</Filter>
    </ClCompile>
    <ClCompile Include="Objects\ObjectManager.cpp">
      <Filter>Objects</Filter>
    </ClCompile>
    <ClCompile Include="Resources\JsonFile.cpp">
      <Filter>Resources</Filter>
    </ClCompile>
  </ItemGroup>
</Project>