
Microsoft Visual Studio Solution File, Format Version 12.00
# Visual Studio Version 17
VisualStudioVersion = 17.7.34221.43
MinimumVisualStudioVersion = 10.0.40219.1
Project("{8BC9CEB8-8B4A-11D0-8D11-00A0C91BC942}") = "01_DuckCore", "DuckCore\DuckCore.vcxproj", "{5263B558-5F7A-4B6B-A34E-20711974160A}"
EndProject
Project("{8BC9CEB8-8B4A-11D0-8D11-00A0C91BC942}") = "03_DuckEngine", "DuckEngine\DuckEngine.vcxproj", "{BC96EFD7-46CA-493A-9BAA-9591DF97D75D}"
	ProjectSection(ProjectDependencies) = postProject
		{5263B558-5F7A-4B6B-A34E-20711974160A} = {5263B558-5F7A-4B6B-A34E-20711974160A}
	EndProjectSection
EndProject
Project("{8BC9CEB8-8B4A-11D0-8D11-00A0C91BC942}") = "04_DuckApp", "DuckApp\DuckApp.vcxproj", "{5F5DB11B-2AA7-4235-8E8B-EC4C1476C407}"
	ProjectSection(ProjectDependencies) = postProject
		{5263B558-5F7A-4B6B-A34E-20711974160A} = {5263B558-5F7A-4B6B-A34E-20711974160A}
		{BC96EFD7-46CA-493A-9BAA-9591DF97D75D} = {BC96EFD7-46CA-493A-9BAA-9591DF97D75D}
	EndProjectSection
EndProject
Project("{8BC9CEB8-8B4A-11D0-8D11-00A0C91BC942}") = "05_DuckWorks", "DuckWorks\DuckWorks.vcxproj", "{E123ED8F-73A1-49CD-AA3D-CA36A68810A4}"
	ProjectSection(ProjectDependencies) = postProject
		{5263B558-5F7A-4B6B-A34E-20711974160A} = {5263B558-5F7A-4B6B-A34E-20711974160A}
		{5F5DB11B-2AA7-4235-8E8B-EC4C1476C407} = {5F5DB11B-2AA7-4235-8E8B-EC4C1476C407}
		{BC96EFD7-46CA-493A-9BAA-9591DF97D75D} = {BC96EFD7-46CA-493A-9BAA-9591DF97D75D}
	EndProjectSection
EndProject
Global
	GlobalSection(SolutionConfigurationPlatforms) = preSolution
		Debug|x64 = Debug|x64
		Debug|x86 = Debug|x86
		Develop|x64 = Develop|x64
		Develop|x86 = Develop|x86
		Release|x64 = Release|x64
		Release|x86 = Release|x86
	EndGlobalSection
	GlobalSection(ProjectConfigurationPlatforms) = postSolution
		{5263B558-5F7A-4B6B-A34E-20711974160A}.Debug|x64.ActiveCfg = Debug|x64
		{5263B558-5F7A-4B6B-A34E-20711974160A}.Debug|x64.Build.0 = Debug|x64
		{5263B558-5F7A-4B6B-A34E-20711974160A}.Debug|x86.ActiveCfg = Debug|x64
		{5263B558-5F7A-4B6B-A34E-20711974160A}.Debug|x86.Build.0 = Debug|x64
		{5263B558-5F7A-4B6B-A34E-20711974160A}.Develop|x64.ActiveCfg = Develop|x64
		{5263B558-5F7A-4B6B-A34E-20711974160A}.Develop|x64.Build.0 = Develop|x64
		{5263B558-5F7A-4B6B-A34E-20711974160A}.Develop|x86.ActiveCfg = Debug|x64
		{5263B558-5F7A-4B6B-A34E-20711974160A}.Develop|x86.Build.0 = Debug|x64
		{5263B558-5F7A-4B6B-A34E-20711974160A}.Release|x64.ActiveCfg = Release|x64
		{5263B558-5F7A-4B6B-A34E-20711974160A}.Release|x64.Build.0 = Release|x64
		{5263B558-5F7A-4B6B-A34E-20711974160A}.Release|x86.ActiveCfg = Release|x64
		{5263B558-5F7A-4B6B-A34E-20711974160A}.Release|x86.Build.0 = Release|x64
		{BC96EFD7-46CA-493A-9BAA-9591DF97D75D}.Debug|x64.ActiveCfg = Debug|x64
		{BC96EFD7-46CA-493A-9BAA-9591DF97D75D}.Debug|x64.Build.0 = Debug|x64
		{BC96EFD7-46CA-493A-9BAA-9591DF97D75D}.Debug|x86.ActiveCfg = Debug|x64
		{BC96EFD7-46CA-493A-9BAA-9591DF97D75D}.Debug|x86.Build.0 = Debug|x64
		{BC96EFD7-46CA-493A-9BAA-9591DF97D75D}.Develop|x64.ActiveCfg = Develop|x64
		{BC96EFD7-46CA-493A-9BAA-9591DF97D75D}.Develop|x64.Build.0 = Develop|x64
		{BC96EFD7-46CA-493A-9BAA-9591DF97D75D}.Develop|x86.ActiveCfg = Develop|x64
		{BC96EFD7-46CA-493A-9BAA-9591DF97D75D}.Develop|x86.Build.0 = Develop|x64
		{BC96EFD7-46CA-493A-9BAA-9591DF97D75D}.Release|x64.ActiveCfg = Release|x64
		{BC96EFD7-46CA-493A-9BAA-9591DF97D75D}.Release|x64.Build.0 = Release|x64
		{BC96EFD7-46CA-493A-9BAA-9591DF97D75D}.Release|x86.ActiveCfg = Release|x64
		{BC96EFD7-46CA-493A-9BAA-9591DF97D75D}.Release|x86.Build.0 = Release|x64
		{5F5DB11B-2AA7-4235-8E8B-EC4C1476C407}.Debug|x64.ActiveCfg = Debug|x64
		{5F5DB11B-2AA7-4235-8E8B-EC4C1476C407}.Debug|x64.Build.0 = Debug|x64
		{5F5DB11B-2AA7-4235-8E8B-EC4C1476C407}.Debug|x86.ActiveCfg = Debug|x64
		{5F5DB11B-2AA7-4235-8E8B-EC4C1476C407}.Debug|x86.Build.0 = Debug|x64
		{5F5DB11B-2AA7-4235-8E8B-EC4C1476C407}.Develop|x64.ActiveCfg = Develop|x64
		{5F5DB11B-2AA7-4235-8E8B-EC4C1476C407}.Develop|x64.Build.0 = Develop|x64
		{5F5DB11B-2AA7-4235-8E8B-EC4C1476C407}.Develop|x86.ActiveCfg = Develop|x64
		{5F5DB11B-2AA7-4235-8E8B-EC4C1476C407}.Develop|x86.Build.0 = Develop|x64
		{5F5DB11B-2AA7-4235-8E8B-EC4C1476C407}.Release|x64.ActiveCfg = Release|x64
		{5F5DB11B-2AA7-4235-8E8B-EC4C1476C407}.Release|x64.Build.0 = Release|x64
		{5F5DB11B-2AA7-4235-8E8B-EC4C1476C407}.Release|x86.ActiveCfg = Release|x64
		{5F5DB11B-2AA7-4235-8E8B-EC4C1476C407}.Release|x86.Build.0 = Release|x64
		{E123ED8F-73A1-49CD-AA3D-CA36A68810A4}.Debug|x64.ActiveCfg = Debug|x64
		{E123ED8F-73A1-49CD-AA3D-CA36A68810A4}.Debug|x64.Build.0 = Debug|x64
		{E123ED8F-73A1-49CD-AA3D-CA36A68810A4}.Debug|x86.ActiveCfg = Debug|x64
		{E123ED8F-73A1-49CD-AA3D-CA36A68810A4}.Debug|x86.Build.0 = Debug|x64
		{E123ED8F-73A1-49CD-AA3D-CA36A68810A4}.Develop|x64.ActiveCfg = Develop|x64
		{E123ED8F-73A1-49CD-AA3D-CA36A68810A4}.Develop|x64.Build.0 = Develop|x64
		{E123ED8F-73A1-49CD-AA3D-CA36A68810A4}.Develop|x86.ActiveCfg = Develop|x64
		{E123ED8F-73A1-49CD-AA3D-CA36A68810A4}.Develop|x86.Build.0 = Develop|x64
		{E123ED8F-73A1-49CD-AA3D-CA36A68810A4}.Release|x64.ActiveCfg = Release|x64
		{E123ED8F-73A1-49CD-AA3D-CA36A68810A4}.Release|x64.Build.0 = Release|x64
		{E123ED8F-73A1-49CD-AA3D-CA36A68810A4}.Release|x86.ActiveCfg = Release|x64
		{E123ED8F-73A1-49CD-AA3D-CA36A68810A4}.Release|x86.Build.0 = Release|x64
	EndGlobalSection
	GlobalSection(SolutionProperties) = preSolution
		HideSolutionNode = FALSE
	EndGlobalSection
	GlobalSection(ExtensibilityGlobals) = postSolution
		SolutionGuid = {B1C4E98B-6539-408F-91EE-41B5F448B612}
	EndGlobalSection
EndGlobal
