<?xml version="1.0" encoding="utf-8"?>
<Project ToolsVersion="4.0" xmlns="http://schemas.microsoft.com/developer/msbuild/2003">
  <ItemGroup>
    <Filter Include="App">
      <UniqueIdentifier>{46D6870B-B2DF-877C-3B5B-9E7CA763937C}</UniqueIdentifier>
    </Filter>
    <Filter Include="Chess">
      <UniqueIdentifier>{3B2EF60C-A742-1EBE-70C4-C11DDC971AEF}</UniqueIdentifier>
    </Filter>
    <Filter Include="CryptChat">
      <UniqueIdentifier>{F706E113-6371-958A-ACAF-4630185973DF}</UniqueIdentifier>
    </Filter>
    <Filter Include="Editor">
      <UniqueIdentifier>{8C1A20B0-78BC-4A86-6177-5EDA4DB8D1D6}</UniqueIdentifier>
    </Filter>
    <Filter Include="Game">
      <UniqueIdentifier>{7FA9857C-6BE0-860D-14CD-6C1000E3020F}</UniqueIdentifier>
    </Filter>
    <Filter Include="Launcher">
      <UniqueIdentifier>{57ACF9E2-4379-54EE-6C92-429658BE897C}</UniqueIdentifier>
    </Filter>
    <Filter Include="Sandbox">
      <UniqueIdentifier>{F4C124E3-60A1-A37E-69B9-2E55D5170AE0}</UniqueIdentifier>
    </Filter>
  </ItemGroup>
  <ItemGroup>
    <ClInclude Include="App\App.h">
      <Filter>App</Filter>
    </ClInclude>
    <ClInclude Include="Chess\ChessApp.h">
      <Filter>Chess</Filter>
    </ClInclude>
    <ClInclude Include="Chess\ChessBoard.h">
      <Filter>Chess</Filter>
    </ClInclude>
    <ClInclude Include="CryptChat\CryptChatApp.h">
      <Filter>CryptChat</Filter>
    </ClInclude>
    <ClInclude Include="Editor\EditorApp.h">
      <Filter>Editor</Filter>
    </ClInclude>
    <ClInclude Include="Game\GameApp.h">
      <Filter>Game</Filter>
    </ClInclude>
    <ClInclude Include="Launcher\LauncherApp.h">
      <Filter>Launcher</Filter>
    </ClInclude>
    <ClInclude Include="Sandbox\SandboxApp.h">
      <Filter>Sandbox</Filter>
    </ClInclude>
  </ItemGroup>
  <ItemGroup>
    <ClCompile Include="App\App.cpp">
      <Filter>App</Filter>
    </ClCompile>
    <ClCompile Include="Chess\ChessApp.cpp">
      <Filter>Chess</Filter>
    </ClCompile>
    <ClCompile Include="CryptChat\CryptChatApp.cpp">
      <Filter>CryptChat</Filter>
    </ClCompile>
    <ClCompile Include="Editor\EditorApp.cpp">
      <Filter>Editor</Filter>
    </ClCompile>
    <ClCompile Include="Game\GameApp.cpp">
      <Filter>Game</Filter>
    </ClCompile>
    <ClCompile Include="Launcher\LauncherApp.cpp">
      <Filter>Launcher</Filter>
    </ClCompile>
    <ClCompile Include="Sandbox\SandboxApp.cpp">
      <Filter>Sandbox</Filter>
    </ClCompile>
    <ClCompile Include="Source.cpp" />
  </ItemGroup>
</Project>