
Microsoft Visual Studio Solution File, Format Version 12.00
# Visual Studio Version 17
VisualStudioVersion = 17.7.34221.43
MinimumVisualStudioVersion = 10.0.40219.1
Project("{8BC9CEB8-8B4A-11D0-8D11-00A0C91BC942}") = "DuckWorks", "DuckWorks\DuckWorks.vcxproj", "{E123ED8F-73A1-49CD-AA3D-CA36A68810A4}"
	ProjectSection(ProjectDependencies) = postProject
		{1AEEC0AE-B46B-4DB2-8824-816A7EADD423} = {1AEEC0AE-B46B-4DB2-8824-816A7EADD423}
	EndProjectSection
EndProject
Project("{8BC9CEB8-8B4A-11D0-8D11-00A0C91BC942}") = "External", "External\External.vcxproj", "{1AEEC0AE-B46B-4DB2-8824-816A7EADD423}"
EndProject
Global
	GlobalSection(SolutionConfigurationPlatforms) = preSolution
		Debug|x64 = Debug|x64
		Debug|x86 = Debug|x86
		Develop|x64 = Develop|x64
		Develop|x86 = Develop|x86
		Release|x64 = Release|x64
		Release|x86 = Release|x86
	EndGlobalSection
	GlobalSection(ProjectConfigurationPlatforms) = postSolution
		{E123ED8F-73A1-49CD-AA3D-CA36A68810A4}.Debug|x64.ActiveCfg = Debug|x64
		{E123ED8F-73A1-49CD-AA3D-CA36A68810A4}.Debug|x64.Build.0 = Debug|x64
		{E123ED8F-73A1-49CD-AA3D-CA36A68810A4}.Debug|x86.ActiveCfg = Debug|x64
		{E123ED8F-73A1-49CD-AA3D-CA36A68810A4}.Debug|x86.Build.0 = Debug|x64
		{E123ED8F-73A1-49CD-AA3D-CA36A68810A4}.Develop|x64.ActiveCfg = Develop|x64
		{E123ED8F-73A1-49CD-AA3D-CA36A68810A4}.Develop|x64.Build.0 = Develop|x64
		{E123ED8F-73A1-49CD-AA3D-CA36A68810A4}.Develop|x86.ActiveCfg = Develop|x64
		{E123ED8F-73A1-49CD-AA3D-CA36A68810A4}.Develop|x86.Build.0 = Develop|x64
		{E123ED8F-73A1-49CD-AA3D-CA36A68810A4}.Release|x64.ActiveCfg = Release|x64
		{E123ED8F-73A1-49CD-AA3D-CA36A68810A4}.Release|x64.Build.0 = Release|x64
		{E123ED8F-73A1-49CD-AA3D-CA36A68810A4}.Release|x86.ActiveCfg = Release|x64
		{E123ED8F-73A1-49CD-AA3D-CA36A68810A4}.Release|x86.Build.0 = Release|x64
		{1AEEC0AE-B46B-4DB2-8824-816A7EADD423}.Debug|x64.ActiveCfg = Debug|x64
		{1AEEC0AE-B46B-4DB2-8824-816A7EADD423}.Debug|x64.Build.0 = Debug|x64
		{1AEEC0AE-B46B-4DB2-8824-816A7EADD423}.Debug|x86.ActiveCfg = Debug|x64
		{1AEEC0AE-B46B-4DB2-8824-816A7EADD423}.Debug|x86.Build.0 = Debug|x64
		{1AEEC0AE-B46B-4DB2-8824-816A7EADD423}.Develop|x64.ActiveCfg = Develop|x64
		{1AEEC0AE-B46B-4DB2-8824-816A7EADD423}.Develop|x64.Build.0 = Develop|x64
		{1AEEC0AE-B46B-4DB2-8824-816A7EADD423}.Develop|x86.ActiveCfg = Develop|x64
		{1AEEC0AE-B46B-4DB2-8824-816A7EADD423}.Develop|x86.Build.0 = Develop|x64
		{1AEEC0AE-B46B-4DB2-8824-816A7EADD423}.Release|x64.ActiveCfg = Release|x64
		{1AEEC0AE-B46B-4DB2-8824-816A7EADD423}.Release|x64.Build.0 = Release|x64
		{1AEEC0AE-B46B-4DB2-8824-816A7EADD423}.Release|x86.ActiveCfg = Release|x64
		{1AEEC0AE-B46B-4DB2-8824-816A7EADD423}.Release|x86.Build.0 = Release|x64
	EndGlobalSection
	GlobalSection(SolutionProperties) = preSolution
		HideSolutionNode = FALSE
	EndGlobalSection
	GlobalSection(ExtensibilityGlobals) = postSolution
		SolutionGuid = {B1C4E98B-6539-408F-91EE-41B5F448B612}
	EndGlobalSection
EndGlobal
