<?xml version="1.0" encoding="utf-8"?>
<Project ToolsVersion="4.0" xmlns="http://schemas.microsoft.com/developer/msbuild/2003">
  <ItemGroup>
    <Filter Include="Source Files">
      <UniqueIdentifier>{4FC737F1-C7A5-4376-A066-2A32D752A2FF}</UniqueIdentifier>
      <Extensions>cpp;c;cc;cxx;c++;cppm;ixx;def;odl;idl;hpj;bat;asm;asmx</Extensions>
    </Filter>
    <Filter Include="Header Files">
      <UniqueIdentifier>{93995380-89BD-4b04-88EB-625FBE52EBFB}</UniqueIdentifier>
      <Extensions>h;hh;hpp;hxx;h++;hm;inl;inc;ipp;xsd</Extensions>
    </Filter>
    <Filter Include="Resource Files">
      <UniqueIdentifier>{67DA6AB6-F800-4c08-8B7A-83BB121AAD01}</UniqueIdentifier>
      <Extensions>rc;ico;cur;bmp;dlg;rc2;rct;bin;rgs;gif;jpg;jpeg;jpe;resx;tiff;tif;png;wav;mfcribbon-ms</Extensions>
    </Filter>
  </ItemGroup>
  <ItemGroup>
    <ClCompile Include="Game\World\World.cpp">
      <Filter>Source Files</Filter>
    </ClCompile>
    <ClCompile Include="Game\World\WorldGeneratorService.cpp">
      <Filter>Source Files</Filter>
    </ClCompile>
    <ClCompile Include="Editor\Menus\ViewportMenu.cpp">
      <Filter>Source Files</Filter>
    </ClCompile>
    <ClCompile Include="Game\UI\UIElement.cpp">
      <Filter>Source Files</Filter>
    </ClCompile>
    <ClCompile Include="Game\UI\UIButton.cpp">
      <Filter>Source Files</Filter>
    </ClCompile>
    <ClCompile Include="Game\UI\UIService.cpp">
      <Filter>Source Files</Filter>
    </ClCompile>
    <ClCompile Include="App\App.cpp">
      <Filter>Source Files</Filter>
    </ClCompile>
    <ClCompile Include="Chess\ChessApp.cpp">
      <Filter>Source Files</Filter>
    </ClCompile>
    <ClCompile Include="CryptChat\CryptChatApp.cpp">
      <Filter>Source Files</Filter>
    </ClCompile>
    <ClCompile Include="Editor\Menus\EditorMenu.cpp">
      <Filter>Source Files</Filter>
    </ClCompile>
    <ClCompile Include="Editor\Menus\EntitySpawnerMenu.cpp">
      <Filter>Source Files</Filter>
    </ClCompile>
    <ClCompile Include="Editor\Menus\OutlinerMenu.cpp">
      <Filter>Source Files</Filter>
    </ClCompile>
    <ClCompile Include="Editor\Menus\ResourceEditorMenu.cpp">
      <Filter>Source Files</Filter>
    </ClCompile>
    <ClCompile Include="Editor\Menus\ResourceSelectorMenu.cpp">
      <Filter>Source Files</Filter>
    </ClCompile>
    <ClCompile Include="Editor\Menus\SettingsMenu.cpp">
      <Filter>Source Files</Filter>
    </ClCompile>
    <ClCompile Include="Editor\Utilities\ImGuiHelper.cpp">
      <Filter>Source Files</Filter>
    </ClCompile>
    <ClCompile Include="Editor\EditorApp.cpp">
      <Filter>Source Files</Filter>
    </ClCompile>
    <ClCompile Include="Editor\EditorSettings.cpp">
      <Filter>Source Files</Filter>
    </ClCompile>
    <ClCompile Include="Game\Entity\Components\GameplayComponents.cpp">
      <Filter>Source Files</Filter>
    </ClCompile>
    <ClCompile Include="Game\Entity\Components\RenderComponent.cpp">
      <Filter>Source Files</Filter>
    </ClCompile>
    <ClCompile Include="Game\Entity\Systems\EntitySystem.cpp">
      <Filter>Source Files</Filter>
    </ClCompile>
    <ClCompile Include="Game\Entity\Systems\PlayerMovementSystem.cpp">
      <Filter>Source Files</Filter>
    </ClCompile>
    <ClCompile Include="Game\Entity\Systems\RenderSystem.cpp">
      <Filter>Source Files</Filter>
    </ClCompile>
    <ClCompile Include="Game\Entity\Entity.cpp">
      <Filter>Source Files</Filter>
    </ClCompile>
    <ClCompile Include="Game\Entity\EntityService.cpp">
      <Filter>Source Files</Filter>
    </ClCompile>
    <ClCompile Include="Game\Grid\Grid.cpp">
      <Filter>Source Files</Filter>
    </ClCompile>
    <ClCompile Include="Game\Grid\GridService.cpp">
      <Filter>Source Files</Filter>
    </ClCompile>
    <ClCompile Include="Game\Input\InputService.cpp">
      <Filter>Source Files</Filter>
    </ClCompile>
    <ClCompile Include="Game\World\EntityWorldGenerationRulesResource.cpp">
      <Filter>Source Files</Filter>
    </ClCompile>
    <ClCompile Include="Game\GameApp.cpp">
      <Filter>Source Files</Filter>
    </ClCompile>
    <ClCompile Include="Game\Pawn.cpp">
      <Filter>Source Files</Filter>
    </ClCompile>
    <ClCompile Include="Launcher\LauncherApp.cpp">
      <Filter>Source Files</Filter>
    </ClCompile>
    <ClCompile Include="Sandbox\SandboxApp.cpp">
      <Filter>Source Files</Filter>
    </ClCompile>
    <ClCompile Include="Source.cpp">
      <Filter>Source Files</Filter>
    </ClCompile>
  </ItemGroup>
  <ItemGroup>
    <ClInclude Include="App\App.h">
      <Filter>Header Files</Filter>
    </ClInclude>
    <ClInclude Include="Chess\ChessApp.h">
      <Filter>Header Files</Filter>
    </ClInclude>
    <ClInclude Include="Chess\ChessBoard.h">
      <Filter>Header Files</Filter>
    </ClInclude>
    <ClInclude Include="CryptChat\CryptChatApp.h">
      <Filter>Header Files</Filter>
    </ClInclude>
    <ClInclude Include="Editor\Menus\EditorMenu.h">
      <Filter>Header Files</Filter>
    </ClInclude>
    <ClInclude Include="Editor\Menus\EntitySpawnerMenu.h">
      <Filter>Header Files</Filter>
    </ClInclude>
    <ClInclude Include="Editor\Menus\OutlinerMenu.h">
      <Filter>Header Files</Filter>
    </ClInclude>
    <ClInclude Include="Editor\Menus\ResourceEditorMenu.h">
      <Filter>Header Files</Filter>
    </ClInclude>
    <ClInclude Include="Editor\Menus\ResourceSelectorMenu.h">
      <Filter>Header Files</Filter>
    </ClInclude>
    <ClInclude Include="Editor\Menus\SettingsMenu.h">
      <Filter>Header Files</Filter>
    </ClInclude>
    <ClInclude Include="Editor\Menus\ViewportMenu.h">
      <Filter>Header Files</Filter>
    </ClInclude>
    <ClInclude Include="Editor\Utilities\ImGuiHelper.h">
      <Filter>Header Files</Filter>
    </ClInclude>
    <ClInclude Include="Editor\EditorApp.h">
      <Filter>Header Files</Filter>
    </ClInclude>
    <ClInclude Include="Editor\EditorSettings.h">
      <Filter>Header Files</Filter>
    </ClInclude>
    <ClInclude Include="Game\Entity\Components\Component.h">
      <Filter>Header Files</Filter>
    </ClInclude>
    <ClInclude Include="Game\Entity\Components\GameplayComponents.h">
      <Filter>Header Files</Filter>
    </ClInclude>
    <ClInclude Include="Game\Entity\Components\RenderComponent.h">
      <Filter>Header Files</Filter>
    </ClInclude>
    <ClInclude Include="Game\Entity\Systems\EntitySystem.h">
      <Filter>Header Files</Filter>
    </ClInclude>
    <ClInclude Include="Game\Entity\Systems\PlayerMovementSystem.h">
      <Filter>Header Files</Filter>
    </ClInclude>
    <ClInclude Include="Game\Entity\Systems\RenderSystem.h">
      <Filter>Header Files</Filter>
    </ClInclude>
    <ClInclude Include="Game\Entity\Character.h">
      <Filter>Header Files</Filter>
    </ClInclude>
    <ClInclude Include="Game\Entity\Entity.h">
      <Filter>Header Files</Filter>
    </ClInclude>
    <ClInclude Include="Game\Entity\EntityService.h">
      <Filter>Header Files</Filter>
    </ClInclude>
    <ClInclude Include="Game\Entity\Pawn.h">
      <Filter>Header Files</Filter>
    </ClInclude>
    <ClInclude Include="Game\Grid\Grid.h">
      <Filter>Header Files</Filter>
    </ClInclude>
    <ClInclude Include="Game\Grid\GridService.h">
      <Filter>Header Files</Filter>
    </ClInclude>
    <ClInclude Include="Game\Input\InputService.h">
      <Filter>Header Files</Filter>
    </ClInclude>
    <ClInclude Include="Game\UI\UIButton.h">
      <Filter>Header Files</Filter>
    </ClInclude>
    <ClInclude Include="Game\UI\UIElement.h">
      <Filter>Header Files</Filter>
    </ClInclude>
    <ClInclude Include="Game\UI\UIService.h">
      <Filter>Header Files</Filter>
    </ClInclude>
    <ClInclude Include="Game\UI\UIWidget.h">
      <Filter>Header Files</Filter>
    </ClInclude>
    <ClInclude Include="Game\World\EntityWorldGenerationRulesResource.h">
      <Filter>Header Files</Filter>
    </ClInclude>
    <ClInclude Include="Game\World\Service.h">
      <Filter>Header Files</Filter>
    </ClInclude>
    <ClInclude Include="Game\World\World.h">
      <Filter>Header Files</Filter>
    </ClInclude>
    <ClInclude Include="Game\World\WorldGeneratorService.h">
      <Filter>Header Files</Filter>
    </ClInclude>
    <ClInclude Include="Game\GameApp.h">
      <Filter>Header Files</Filter>
    </ClInclude>
    <ClInclude Include="Launcher\LauncherApp.h">
      <Filter>Header Files</Filter>
    </ClInclude>
    <ClInclude Include="Sandbox\SandboxApp.h">
      <Filter>Header Files</Filter>
    </ClInclude>
  </ItemGroup>
</Project>